
Microsoft Visual Studio Solution File, Format Version 12.00
# Visual Studio Version 17
VisualStudioVersion = 17.5.002.0
MinimumVisualStudioVersion = 10.0.40219.1
Project("{2150E333-8FDC-42A3-9474-1A3956D46DE8}") = "csharp-prep", "csharp-prep", "{D7C38C01-1A56-4895-8E4D-256EB36CBDA3}"
EndProject
Project("{9A19103F-16F7-4668-BE54-9A1E7A4F7556}") = "Prep1", "csharp-prep\Prep1\Prep1.csproj", "{582061CD-2878-4818-81AF-BD85AAC5A2A9}"
EndProject
Project("{9A19103F-16F7-4668-BE54-9A1E7A4F7556}") = "Prep2", "csharp-prep\Prep2\Prep2.csproj", "{1F8E846F-87A7-4875-AA8B-DC16B976E1AB}"
EndProject
Project("{9A19103F-16F7-4668-BE54-9A1E7A4F7556}") = "Prep3", "csharp-prep\Prep3\Prep3.csproj", "{0A47DCD5-A116-459E-9CFD-4B8AB9ABD727}"
EndProject
Project("{9A19103F-16F7-4668-BE54-9A1E7A4F7556}") = "Prep4", "csharp-prep\Prep4\Prep4.csproj", "{F9D384BE-B3EB-45F6-8F71-32AF9AF27CD6}"
EndProject
Project("{9A19103F-16F7-4668-BE54-9A1E7A4F7556}") = "Prep5", "csharp-prep\Prep5\Prep5.csproj", "{AFA37A1D-2C8F-4F61-A5B7-12B17300C933}"
EndProject
Project("{2150E333-8FDC-42A3-9474-1A3956D46DE8}") = "final", "final", "{99E7F316-3CD4-4C17-8BEA-4C040260AEDC}"
EndProject
Project("{9A19103F-16F7-4668-BE54-9A1E7A4F7556}") = "FinalProject", "final\FinalProject\FinalProject.csproj", "{DAEAD176-307F-49A5-9C90-DBD305A210E1}"
EndProject
Project("{9A19103F-16F7-4668-BE54-9A1E7A4F7556}") = "Foundation1", "final\Foundation1\Foundation1.csproj", "{3FC68826-4E22-4420-B73A-5408FCD2706D}"
EndProject
Project("{9A19103F-16F7-4668-BE54-9A1E7A4F7556}") = "Foundation2", "final\Foundation2\Foundation2.csproj", "{939147B6-FBB2-4176-971D-27F903947E08}"
EndProject
Project("{9A19103F-16F7-4668-BE54-9A1E7A4F7556}") = "Foundation3", "final\Foundation3\Foundation3.csproj", "{DE6568F7-4E0E-4807-9E5B-8FC454BC4694}"
EndProject
Project("{9A19103F-16F7-4668-BE54-9A1E7A4F7556}") = "Foundation4", "final\Foundation4\Foundation4.csproj", "{7BC6C8B1-842D-44CF-B8AA-B771F86025EE}"
EndProject
Project("{2150E333-8FDC-42A3-9474-1A3956D46DE8}") = "prepare", "prepare", "{44A2FA96-08FF-41FC-AE0C-B1BDC15DC333}"
EndProject
Project("{9A19103F-16F7-4668-BE54-9A1E7A4F7556}") = "Learning02", "prepare\Learning02\Learning02.csproj", "{8BEC262B-6689-47C9-9BA6-68BA92E4AC4F}"
EndProject
Project("{9A19103F-16F7-4668-BE54-9A1E7A4F7556}") = "Learning03", "prepare\Learning03\Learning03.csproj", "{75A22BD1-7A0F-4BAD-8008-39BA8B80CA97}"
EndProject
Project("{9A19103F-16F7-4668-BE54-9A1E7A4F7556}") = "Learning04", "prepare\Learning04\Learning04.csproj", "{409C5735-7527-4D4D-AA7B-9BA038128E6C}"
EndProject
Project("{9A19103F-16F7-4668-BE54-9A1E7A4F7556}") = "Learning05", "prepare\Learning05\Learning05.csproj", "{0455D343-0D8E-4207-8784-C66278DBF1F3}"
EndProject
Project("{2150E333-8FDC-42A3-9474-1A3956D46DE8}") = "prove", "prove", "{CE8F0278-BAA1-41B9-A067-A16BD5B7CF19}"
EndProject
Project("{9A19103F-16F7-4668-BE54-9A1E7A4F7556}") = "Develop02", "prove\Develop02\Develop02.csproj", "{BB16F95B-2EF0-4A6A-B6AD-3B76C56108D8}"
EndProject
Project("{9A19103F-16F7-4668-BE54-9A1E7A4F7556}") = "Develop03", "prove\Develop03\Develop03.csproj", "{48289209-4CAD-4112-8C56-15521E6920F0}"
EndProject
Project("{9A19103F-16F7-4668-BE54-9A1E7A4F7556}") = "Develop04", "prove\Develop04\Develop04.csproj", "{C428917F-88A6-4CF9-8DB8-2B2F90D3E9CE}"
EndProject
Project("{9A19103F-16F7-4668-BE54-9A1E7A4F7556}") = "Develop05", "prove\Develop05\Develop05.csproj", "{10E4E54F-EE13-455F-B7AE-7676B307E242}"
EndProject
Project("{2150E333-8FDC-42A3-9474-1A3956D46DE8}") = "sandbox", "sandbox", "{4D45E2BC-EC88-440C-AC91-E43A56A0011B}"
EndProject
Project("{9A19103F-16F7-4668-BE54-9A1E7A4F7556}") = "Sandbox", "sandbox\Sandbox\Sandbox.csproj", "{F032C2BA-A7CF-453D-8943-49515D0DEAE8}"
EndProject
Global
	GlobalSection(SolutionConfigurationPlatforms) = preSolution
		Debug|Any CPU = Debug|Any CPU
		Release|Any CPU = Release|Any CPU
	EndGlobalSection
	GlobalSection(ProjectConfigurationPlatforms) = postSolution
		{582061CD-2878-4818-81AF-BD85AAC5A2A9}.Debug|Any CPU.ActiveCfg = Debug|Any CPU
		{582061CD-2878-4818-81AF-BD85AAC5A2A9}.Debug|Any CPU.Build.0 = Debug|Any CPU
		{582061CD-2878-4818-81AF-BD85AAC5A2A9}.Release|Any CPU.ActiveCfg = Release|Any CPU
		{582061CD-2878-4818-81AF-BD85AAC5A2A9}.Release|Any CPU.Build.0 = Release|Any CPU
		{1F8E846F-87A7-4875-AA8B-DC16B976E1AB}.Debug|Any CPU.ActiveCfg = Debug|Any CPU
		{1F8E846F-87A7-4875-AA8B-DC16B976E1AB}.Debug|Any CPU.Build.0 = Debug|Any CPU
		{1F8E846F-87A7-4875-AA8B-DC16B976E1AB}.Release|Any CPU.ActiveCfg = Release|Any CPU
		{1F8E846F-87A7-4875-AA8B-DC16B976E1AB}.Release|Any CPU.Build.0 = Release|Any CPU
		{0A47DCD5-A116-459E-9CFD-4B8AB9ABD727}.Debug|Any CPU.ActiveCfg = Debug|Any CPU
		{0A47DCD5-A116-459E-9CFD-4B8AB9ABD727}.Debug|Any CPU.Build.0 = Debug|Any CPU
		{0A47DCD5-A116-459E-9CFD-4B8AB9ABD727}.Release|Any CPU.ActiveCfg = Release|Any CPU
		{0A47DCD5-A116-459E-9CFD-4B8AB9ABD727}.Release|Any CPU.Build.0 = Release|Any CPU
		{F9D384BE-B3EB-45F6-8F71-32AF9AF27CD6}.Debug|Any CPU.ActiveCfg = Debug|Any CPU
		{F9D384BE-B3EB-45F6-8F71-32AF9AF27CD6}.Debug|Any CPU.Build.0 = Debug|Any CPU
		{F9D384BE-B3EB-45F6-8F71-32AF9AF27CD6}.Release|Any CPU.ActiveCfg = Release|Any CPU
		{F9D384BE-B3EB-45F6-8F71-32AF9AF27CD6}.Release|Any CPU.Build.0 = Release|Any CPU
		{AFA37A1D-2C8F-4F61-A5B7-12B17300C933}.Debug|Any CPU.ActiveCfg = Debug|Any CPU
		{AFA37A1D-2C8F-4F61-A5B7-12B17300C933}.Debug|Any CPU.Build.0 = Debug|Any CPU
		{AFA37A1D-2C8F-4F61-A5B7-12B17300C933}.Release|Any CPU.ActiveCfg = Release|Any CPU
		{AFA37A1D-2C8F-4F61-A5B7-12B17300C933}.Release|Any CPU.Build.0 = Release|Any CPU
		{DAEAD176-307F-49A5-9C90-DBD305A210E1}.Debug|Any CPU.ActiveCfg = Debug|Any CPU
		{DAEAD176-307F-49A5-9C90-DBD305A210E1}.Debug|Any CPU.Build.0 = Debug|Any CPU
		{DAEAD176-307F-49A5-9C90-DBD305A210E1}.Release|Any CPU.ActiveCfg = Release|Any CPU
		{DAEAD176-307F-49A5-9C90-DBD305A210E1}.Release|Any CPU.Build.0 = Release|Any CPU
		{3FC68826-4E22-4420-B73A-5408FCD2706D}.Debug|Any CPU.ActiveCfg = Debug|Any CPU
		{3FC68826-4E22-4420-B73A-5408FCD2706D}.Debug|Any CPU.Build.0 = Debug|Any CPU
		{3FC68826-4E22-4420-B73A-5408FCD2706D}.Release|Any CPU.ActiveCfg = Release|Any CPU
		{3FC68826-4E22-4420-B73A-5408FCD2706D}.Release|Any CPU.Build.0 = Release|Any CPU
		{939147B6-FBB2-4176-971D-27F903947E08}.Debug|Any CPU.ActiveCfg = Debug|Any CPU
		{939147B6-FBB2-4176-971D-27F903947E08}.Debug|Any CPU.Build.0 = Debug|Any CPU
		{939147B6-FBB2-4176-971D-27F903947E08}.Release|Any CPU.ActiveCfg = Release|Any CPU
		{939147B6-FBB2-4176-971D-27F903947E08}.Release|Any CPU.Build.0 = Release|Any CPU
		{DE6568F7-4E0E-4807-9E5B-8FC454BC4694}.Debug|Any CPU.ActiveCfg = Debug|Any CPU
		{DE6568F7-4E0E-4807-9E5B-8FC454BC4694}.Debug|Any CPU.Build.0 = Debug|Any CPU
		{DE6568F7-4E0E-4807-9E5B-8FC454BC4694}.Release|Any CPU.ActiveCfg = Release|Any CPU
		{DE6568F7-4E0E-4807-9E5B-8FC454BC4694}.Release|Any CPU.Build.0 = Release|Any CPU
		{7BC6C8B1-842D-44CF-B8AA-B771F86025EE}.Debug|Any CPU.ActiveCfg = Debug|Any CPU
		{7BC6C8B1-842D-44CF-B8AA-B771F86025EE}.Debug|Any CPU.Build.0 = Debug|Any CPU
		{7BC6C8B1-842D-44CF-B8AA-B771F86025EE}.Release|Any CPU.ActiveCfg = Release|Any CPU
		{7BC6C8B1-842D-44CF-B8AA-B771F86025EE}.Release|Any CPU.Build.0 = Release|Any CPU
		{8BEC262B-6689-47C9-9BA6-68BA92E4AC4F}.Debug|Any CPU.ActiveCfg = Debug|Any CPU
		{8BEC262B-6689-47C9-9BA6-68BA92E4AC4F}.Debug|Any CPU.Build.0 = Debug|Any CPU
		{8BEC262B-6689-47C9-9BA6-68BA92E4AC4F}.Release|Any CPU.ActiveCfg = Release|Any CPU
		{8BEC262B-6689-47C9-9BA6-68BA92E4AC4F}.Release|Any CPU.Build.0 = Release|Any CPU
		{75A22BD1-7A0F-4BAD-8008-39BA8B80CA97}.Debug|Any CPU.ActiveCfg = Debug|Any CPU
		{75A22BD1-7A0F-4BAD-8008-39BA8B80CA97}.Debug|Any CPU.Build.0 = Debug|Any CPU
		{75A22BD1-7A0F-4BAD-8008-39BA8B80CA97}.Release|Any CPU.ActiveCfg = Release|Any CPU
		{75A22BD1-7A0F-4BAD-8008-39BA8B80CA97}.Release|Any CPU.Build.0 = Release|Any CPU
		{409C5735-7527-4D4D-AA7B-9BA038128E6C}.Debug|Any CPU.ActiveCfg = Debug|Any CPU
		{409C5735-7527-4D4D-AA7B-9BA038128E6C}.Debug|Any CPU.Build.0 = Debug|Any CPU
		{409C5735-7527-4D4D-AA7B-9BA038128E6C}.Release|Any CPU.ActiveCfg = Release|Any CPU
		{409C5735-7527-4D4D-AA7B-9BA038128E6C}.Release|Any CPU.Build.0 = Release|Any CPU
		{0455D343-0D8E-4207-8784-C66278DBF1F3}.Debug|Any CPU.ActiveCfg = Debug|Any CPU
		{0455D343-0D8E-4207-8784-C66278DBF1F3}.Debug|Any CPU.Build.0 = Debug|Any CPU
		{0455D343-0D8E-4207-8784-C66278DBF1F3}.Release|Any CPU.ActiveCfg = Release|Any CPU
		{0455D343-0D8E-4207-8784-C66278DBF1F3}.Release|Any CPU.Build.0 = Release|Any CPU
		{BB16F95B-2EF0-4A6A-B6AD-3B76C56108D8}.Debug|Any CPU.ActiveCfg = Debug|Any CPU
		{BB16F95B-2EF0-4A6A-B6AD-3B76C56108D8}.Debug|Any CPU.Build.0 = Debug|Any CPU
		{BB16F95B-2EF0-4A6A-B6AD-3B76C56108D8}.Release|Any CPU.ActiveCfg = Release|Any CPU
		{BB16F95B-2EF0-4A6A-B6AD-3B76C56108D8}.Release|Any CPU.Build.0 = Release|Any CPU
		{48289209-4CAD-4112-8C56-15521E6920F0}.Debug|Any CPU.ActiveCfg = Debug|Any CPU
		{48289209-4CAD-4112-8C56-15521E6920F0}.Debug|Any CPU.Build.0 = Debug|Any CPU
		{48289209-4CAD-4112-8C56-15521E6920F0}.Release|Any CPU.ActiveCfg = Release|Any CPU
		{48289209-4CAD-4112-8C56-15521E6920F0}.Release|Any CPU.Build.0 = Release|Any CPU
		{C428917F-88A6-4CF9-8DB8-2B2F90D3E9CE}.Debug|Any CPU.ActiveCfg = Debug|Any CPU
		{C428917F-88A6-4CF9-8DB8-2B2F90D3E9CE}.Debug|Any CPU.Build.0 = Debug|Any CPU
		{C428917F-88A6-4CF9-8DB8-2B2F90D3E9CE}.Release|Any CPU.ActiveCfg = Release|Any CPU
		{C428917F-88A6-4CF9-8DB8-2B2F90D3E9CE}.Release|Any CPU.Build.0 = Release|Any CPU
		{10E4E54F-EE13-455F-B7AE-7676B307E242}.Debug|Any CPU.ActiveCfg = Debug|Any CPU
		{10E4E54F-EE13-455F-B7AE-7676B307E242}.Debug|Any CPU.Build.0 = Debug|Any CPU
		{10E4E54F-EE13-455F-B7AE-7676B307E242}.Release|Any CPU.ActiveCfg = Release|Any CPU
		{10E4E54F-EE13-455F-B7AE-7676B307E242}.Release|Any CPU.Build.0 = Release|Any CPU
		{F032C2BA-A7CF-453D-8943-49515D0DEAE8}.Debug|Any CPU.ActiveCfg = Debug|Any CPU
		{F032C2BA-A7CF-453D-8943-49515D0DEAE8}.Debug|Any CPU.Build.0 = Debug|Any CPU
		{F032C2BA-A7CF-453D-8943-49515D0DEAE8}.Release|Any CPU.ActiveCfg = Release|Any CPU
		{F032C2BA-A7CF-453D-8943-49515D0DEAE8}.Release|Any CPU.Build.0 = Release|Any CPU
	EndGlobalSection
	GlobalSection(SolutionProperties) = preSolution
		HideSolutionNode = FALSE
	EndGlobalSection
	GlobalSection(NestedProjects) = preSolution
		{582061CD-2878-4818-81AF-BD85AAC5A2A9} = {D7C38C01-1A56-4895-8E4D-256EB36CBDA3}
		{1F8E846F-87A7-4875-AA8B-DC16B976E1AB} = {D7C38C01-1A56-4895-8E4D-256EB36CBDA3}
		{0A47DCD5-A116-459E-9CFD-4B8AB9ABD727} = {D7C38C01-1A56-4895-8E4D-256EB36CBDA3}
		{F9D384BE-B3EB-45F6-8F71-32AF9AF27CD6} = {D7C38C01-1A56-4895-8E4D-256EB36CBDA3}
		{AFA37A1D-2C8F-4F61-A5B7-12B17300C933} = {D7C38C01-1A56-4895-8E4D-256EB36CBDA3}
		{DAEAD176-307F-49A5-9C90-DBD305A210E1} = {99E7F316-3CD4-4C17-8BEA-4C040260AEDC}
		{3FC68826-4E22-4420-B73A-5408FCD2706D} = {99E7F316-3CD4-4C17-8BEA-4C040260AEDC}
		{939147B6-FBB2-4176-971D-27F903947E08} = {99E7F316-3CD4-4C17-8BEA-4C040260AEDC}
		{DE6568F7-4E0E-4807-9E5B-8FC454BC4694} = {99E7F316-3CD4-4C17-8BEA-4C040260AEDC}
		{7BC6C8B1-842D-44CF-B8AA-B771F86025EE} = {99E7F316-3CD4-4C17-8BEA-4C040260AEDC}
		{8BEC262B-6689-47C9-9BA6-68BA92E4AC4F} = {44A2FA96-08FF-41FC-AE0C-B1BDC15DC333}
		{75A22BD1-7A0F-4BAD-8008-39BA8B80CA97} = {44A2FA96-08FF-41FC-AE0C-B1BDC15DC333}
		{409C5735-7527-4D4D-AA7B-9BA038128E6C} = {44A2FA96-08FF-41FC-AE0C-B1BDC15DC333}
		{0455D343-0D8E-4207-8784-C66278DBF1F3} = {44A2FA96-08FF-41FC-AE0C-B1BDC15DC333}
		{BB16F95B-2EF0-4A6A-B6AD-3B76C56108D8} = {CE8F0278-BAA1-41B9-A067-A16BD5B7CF19}
		{48289209-4CAD-4112-8C56-15521E6920F0} = {CE8F0278-BAA1-41B9-A067-A16BD5B7CF19}
		{C428917F-88A6-4CF9-8DB8-2B2F90D3E9CE} = {CE8F0278-BAA1-41B9-A067-A16BD5B7CF19}
		{10E4E54F-EE13-455F-B7AE-7676B307E242} = {CE8F0278-BAA1-41B9-A067-A16BD5B7CF19}
		{F032C2BA-A7CF-453D-8943-49515D0DEAE8} = {4D45E2BC-EC88-440C-AC91-E43A56A0011B}
	EndGlobalSection
	GlobalSection(ExtensibilityGlobals) = postSolution
		SolutionGuid = {30B22B62-0762-4CF9-A209-48966B6DBAEF}
	EndGlobalSection
EndGlobal
